
Microsoft Visual Studio Solution File, Format Version 12.00
# Visual Studio 14
VisualStudioVersion = 14.0.22310.1
MinimumVisualStudioVersion = 10.0.40219.1
Project("{2150E333-8FDC-42A3-9474-1A3956D46DE8}") = "Engine", "Engine", "{9FC3406A-97A6-40D5-A6F0-5F8AF29B16B1}"
EndProject
Project("{2150E333-8FDC-42A3-9474-1A3956D46DE8}") = "Games", "Games", "{03997183-CB01-4468-9EB7-D34D25EB8644}"
EndProject
Project("{8BC9CEB8-8B4A-11D0-8D11-00A0C91BC942}") = "UE4", "Intermediate\ProjectFiles\UE4.vcxproj", "{79FCD813-6CBD-4727-89F8-D003061AD5AD}"
EndProject
Project("{8BC9CEB8-8B4A-11D0-8D11-00A0C91BC942}") = "ARG", "Intermediate\ProjectFiles\ARG.vcxproj", "{E20C2319-F2A5-40E7-A518-73B1F8A51142}"
EndProject
Global
	GlobalSection(SolutionConfigurationPlatforms) = preSolution
		DebugGame Editor|IOS = DebugGame Editor|IOS
		DebugGame Editor|Win32 = DebugGame Editor|Win32
		DebugGame Editor|Win64 = DebugGame Editor|Win64
		DebugGame|IOS = DebugGame|IOS
		DebugGame|Win32 = DebugGame|Win32
		DebugGame|Win64 = DebugGame|Win64
		Development Editor|IOS = Development Editor|IOS
		Development Editor|Win32 = Development Editor|Win32
		Development Editor|Win64 = Development Editor|Win64
		Development|IOS = Development|IOS
		Development|Win32 = Development|Win32
		Development|Win64 = Development|Win64
		Shipping|IOS = Shipping|IOS
		Shipping|Win32 = Shipping|Win32
		Shipping|Win64 = Shipping|Win64
	EndGlobalSection
	GlobalSection(ProjectConfigurationPlatforms) = postSolution
		{E20C2319-F2A5-40E7-A518-73B1F8A51142}.DebugGame Editor|IOS.ActiveCfg = IOS_DebugGame_Editor|Win32
		{E20C2319-F2A5-40E7-A518-73B1F8A51142}.DebugGame Editor|Win32.ActiveCfg = DebugGame_Editor|Win32
		{E20C2319-F2A5-40E7-A518-73B1F8A51142}.DebugGame Editor|Win64.ActiveCfg = DebugGame_Editor|x64
		{E20C2319-F2A5-40E7-A518-73B1F8A51142}.DebugGame Editor|Win64.Build.0 = DebugGame_Editor|x64
		{E20C2319-F2A5-40E7-A518-73B1F8A51142}.DebugGame|IOS.ActiveCfg = IOS_DebugGame_Game|Win32
		{E20C2319-F2A5-40E7-A518-73B1F8A51142}.DebugGame|IOS.Build.0 = IOS_DebugGame_Game|Win32
		{E20C2319-F2A5-40E7-A518-73B1F8A51142}.DebugGame|Win32.ActiveCfg = DebugGame_Game|Win32
		{E20C2319-F2A5-40E7-A518-73B1F8A51142}.DebugGame|Win32.Build.0 = DebugGame_Game|Win32
		{E20C2319-F2A5-40E7-A518-73B1F8A51142}.DebugGame|Win64.ActiveCfg = DebugGame_Game|x64
		{E20C2319-F2A5-40E7-A518-73B1F8A51142}.DebugGame|Win64.Build.0 = DebugGame_Game|x64
		{E20C2319-F2A5-40E7-A518-73B1F8A51142}.Development Editor|IOS.ActiveCfg = IOS_Development_Editor|Win32
		{E20C2319-F2A5-40E7-A518-73B1F8A51142}.Development Editor|Win32.ActiveCfg = Development_Editor|Win32
		{E20C2319-F2A5-40E7-A518-73B1F8A51142}.Development Editor|Win64.ActiveCfg = Development_Editor|x64
		{E20C2319-F2A5-40E7-A518-73B1F8A51142}.Development Editor|Win64.Build.0 = Development_Editor|x64
		{E20C2319-F2A5-40E7-A518-73B1F8A51142}.Development|IOS.ActiveCfg = IOS_Development_Game|Win32
		{E20C2319-F2A5-40E7-A518-73B1F8A51142}.Development|IOS.Build.0 = IOS_Development_Game|Win32
		{E20C2319-F2A5-40E7-A518-73B1F8A51142}.Development|Win32.ActiveCfg = Development_Game|Win32
		{E20C2319-F2A5-40E7-A518-73B1F8A51142}.Development|Win32.Build.0 = Development_Game|Win32
		{E20C2319-F2A5-40E7-A518-73B1F8A51142}.Development|Win64.ActiveCfg = Development_Game|x64
		{E20C2319-F2A5-40E7-A518-73B1F8A51142}.Development|Win64.Build.0 = Development_Game|x64
		{E20C2319-F2A5-40E7-A518-73B1F8A51142}.Shipping|IOS.ActiveCfg = IOS_Shipping_Game|Win32
		{E20C2319-F2A5-40E7-A518-73B1F8A51142}.Shipping|IOS.Build.0 = IOS_Shipping_Game|Win32
		{E20C2319-F2A5-40E7-A518-73B1F8A51142}.Shipping|Win32.ActiveCfg = Shipping_Game|Win32
		{E20C2319-F2A5-40E7-A518-73B1F8A51142}.Shipping|Win32.Build.0 = Shipping_Game|Win32
		{E20C2319-F2A5-40E7-A518-73B1F8A51142}.Shipping|Win64.ActiveCfg = Shipping_Game|x64
		{E20C2319-F2A5-40E7-A518-73B1F8A51142}.Shipping|Win64.Build.0 = Shipping_Game|x64
	EndGlobalSection
	GlobalSection(SolutionProperties) = preSolution
		HideSolutionNode = FALSE
	EndGlobalSection
	GlobalSection(NestedProjects) = preSolution
		{79FCD813-6CBD-4727-89F8-D003061AD5AD} = {9FC3406A-97A6-40D5-A6F0-5F8AF29B16B1}
		{E20C2319-F2A5-40E7-A518-73B1F8A51142} = {03997183-CB01-4468-9EB7-D34D25EB8644}
	EndGlobalSection
EndGlobal
